
Microsoft Visual Studio Solution File, Format Version 12.00
# Visual Studio Version 17
VisualStudioVersion = 17.0.31919.166
MinimumVisualStudioVersion = 10.0.40219.1
Project("{FAE04EC0-301F-11D3-BF4B-00C04F79EFBC}") = "MetricsManager", "MetricsManager\MetricsManager.csproj", "{F02305C1-7B82-4D7D-8907-FACE4F5CA949}"
EndProject
Project("{FAE04EC0-301F-11D3-BF4B-00C04F79EFBC}") = "MetricsManagerTests", "MetricsManagerTests\MetricsManagerTests.csproj", "{20B123E5-268E-458D-B888-43B2A5DB30D6}"
EndProject
Global
	GlobalSection(SolutionConfigurationPlatforms) = preSolution
		Debug|Any CPU = Debug|Any CPU
		Release|Any CPU = Release|Any CPU
	EndGlobalSection
	GlobalSection(ProjectConfigurationPlatforms) = postSolution
		{F02305C1-7B82-4D7D-8907-FACE4F5CA949}.Debug|Any CPU.ActiveCfg = Debug|Any CPU
		{F02305C1-7B82-4D7D-8907-FACE4F5CA949}.Debug|Any CPU.Build.0 = Debug|Any CPU
		{F02305C1-7B82-4D7D-8907-FACE4F5CA949}.Release|Any CPU.ActiveCfg = Release|Any CPU
		{F02305C1-7B82-4D7D-8907-FACE4F5CA949}.Release|Any CPU.Build.0 = Release|Any CPU
		{20B123E5-268E-458D-B888-43B2A5DB30D6}.Debug|Any CPU.ActiveCfg = Debug|Any CPU
		{20B123E5-268E-458D-B888-43B2A5DB30D6}.Debug|Any CPU.Build.0 = Debug|Any CPU
		{20B123E5-268E-458D-B888-43B2A5DB30D6}.Release|Any CPU.ActiveCfg = Release|Any CPU
		{20B123E5-268E-458D-B888-43B2A5DB30D6}.Release|Any CPU.Build.0 = Release|Any CPU
	EndGlobalSection
	GlobalSection(SolutionProperties) = preSolution
		HideSolutionNode = FALSE
	EndGlobalSection
	GlobalSection(ExtensibilityGlobals) = postSolution
		SolutionGuid = {04947955-4761-4383-B70B-5FD47DA53649}
	EndGlobalSection
EndGlobal
